
Microsoft Visual Studio Solution File, Format Version 12.00
# Visual Studio Version 17
VisualStudioVersion = 17.1.32414.318
MinimumVisualStudioVersion = 10.0.40219.1
Project("{9A19103F-16F7-4668-BE54-9A1E7A4F7556}") = "twiist", "twiist.csproj", "{7E2CC34A-DBE5-4221-BFA2-3DB2EB7A6274}"
EndProject
Global
	GlobalSection(SolutionConfigurationPlatforms) = preSolution
		Debug|Any CPU = Debug|Any CPU
		Release|Any CPU = Release|Any CPU
	EndGlobalSection
	GlobalSection(ProjectConfigurationPlatforms) = postSolution
		{7E2CC34A-DBE5-4221-BFA2-3DB2EB7A6274}.Debug|Any CPU.ActiveCfg = Debug|Any CPU
		{7E2CC34A-DBE5-4221-BFA2-3DB2EB7A6274}.Debug|Any CPU.Build.0 = Debug|Any CPU
		{7E2CC34A-DBE5-4221-BFA2-3DB2EB7A6274}.Release|Any CPU.ActiveCfg = Release|Any CPU
		{7E2CC34A-DBE5-4221-BFA2-3DB2EB7A6274}.Release|Any CPU.Build.0 = Release|Any CPU
	EndGlobalSection
	GlobalSection(SolutionProperties) = preSolution
		HideSolutionNode = FALSE
	EndGlobalSection
	GlobalSection(ExtensibilityGlobals) = postSolution
		SolutionGuid = {ADAB9373-623C-4CF6-A3EE-082CE3D215B4}
	EndGlobalSection
EndGlobal
